
Microsoft Visual Studio Solution File, Format Version 12.00
# Visual Studio Version 17
VisualStudioVersion = 17.4.33213.308
MinimumVisualStudioVersion = 10.0.40219.1
Project("{9A19103F-16F7-4668-BE54-9A1E7A4F7556}") = "Minimal.GraphQL.Server.Queries", "Minimal.GraphQL.Server.Queries\Minimal.GraphQL.Server.Queries.csproj", "{07335AF3-238F-4B2C-8A50-7D3F8540FE37}"
EndProject
Project("{9A19103F-16F7-4668-BE54-9A1E7A4F7556}") = "Minimal.GraphQL.Server.Mutations", "Minimal.GraphQL.Server.Mutations\Minimal.GraphQL.Server.Mutations.csproj", "{95EFDAB1-7914-4C78-8C42-B9DFB217BBE5}"
EndProject
Global
	GlobalSection(SolutionConfigurationPlatforms) = preSolution
		Debug|Any CPU = Debug|Any CPU
		Release|Any CPU = Release|Any CPU
	EndGlobalSection
	GlobalSection(ProjectConfigurationPlatforms) = postSolution
		{07335AF3-238F-4B2C-8A50-7D3F8540FE37}.Debug|Any CPU.ActiveCfg = Debug|Any CPU
		{07335AF3-238F-4B2C-8A50-7D3F8540FE37}.Debug|Any CPU.Build.0 = Debug|Any CPU
		{07335AF3-238F-4B2C-8A50-7D3F8540FE37}.Release|Any CPU.ActiveCfg = Release|Any CPU
		{07335AF3-238F-4B2C-8A50-7D3F8540FE37}.Release|Any CPU.Build.0 = Release|Any CPU
		{95EFDAB1-7914-4C78-8C42-B9DFB217BBE5}.Debug|Any CPU.ActiveCfg = Debug|Any CPU
		{95EFDAB1-7914-4C78-8C42-B9DFB217BBE5}.Debug|Any CPU.Build.0 = Debug|Any CPU
		{95EFDAB1-7914-4C78-8C42-B9DFB217BBE5}.Release|Any CPU.ActiveCfg = Release|Any CPU
		{95EFDAB1-7914-4C78-8C42-B9DFB217BBE5}.Release|Any CPU.Build.0 = Release|Any CPU
	EndGlobalSection
	GlobalSection(SolutionProperties) = preSolution
		HideSolutionNode = FALSE
	EndGlobalSection
	GlobalSection(ExtensibilityGlobals) = postSolution
		SolutionGuid = {FF35AA57-2373-4B1B-BF13-DBD1E21239F8}
	EndGlobalSection
EndGlobal
